version = 1
revision = 1
requires-python = ">=3.11"

[manifest]
members = [
    "kalshi-weather-markets-cli",
    "weather-bets",
    "weather-cli",
    "weather-dashboard-cli",
]

[[package]]
name = "kalshi-weather-markets-cli"
version = "0.1.0"
source = { editable = "packages/kalshi-weather-markets-cli" }

[[package]]
name = "weather-bets"
version = "0.1.0"
source = { editable = "packages/weather-bets" }

[[package]]
name = "weather-cli"
version = "0.1.0"
source = { editable = "packages/weather-cli" }

[[package]]
name = "weather-dashboard-cli"
version = "0.1.0"
source = { editable = "packages/weather-dashboard-cli" }
dependencies = [
    { name = "weather-bets" },
]

[package.metadata]
requires-dist = [{ name = "weather-bets", editable = "packages/weather-bets" }]
